Microsoft Visual Studio Solution File, Format Version 12.00
# Visual Studio 15
VisualStudioVersion = 15.0.26730.10
MinimumVisualStudioVersion = 15.0.26124.0
Project("{9A19103F-16F7-4668-BE54-9A1E7A4F7556}") = "Core.ElasticSearch", "..\Core.ElasticSearch\Core.ElasticSearch.csproj", "{C247DA9A-FD9A-4BF6-9876-EA610D3310ED}"
EndProject
Project("{9A19103F-16F7-4668-BE54-9A1E7A4F7556}") = "Sharp7Func", "..\Sharp7Func\Sharp7Func.csproj", "{6B5D5987-4297-4418-8D0C-708033B481A4}"
EndProject
Project("{2150E333-8FDC-42A3-9474-1A3956D46DE8}") = "Core", "Core", "{BFC7E183-C5A7-4C04-BB08-F3445D4F3CB9}"
EndProject
Project("{2150E333-8FDC-42A3-9474-1A3956D46DE8}") = "Applications", "Applications", "{F15DB5A6-33B9-4697-A7FC-BD175A6C19D6}"
EndProject
Project("{9A19103F-16F7-4668-BE54-9A1E7A4F7556}") = "Expo3.AdminApp", "Applications\Expo3.AdminApp\Expo3.AdminApp.csproj", "{45CFA26E-AA23-4485-8878-6AB3B5E951A7}"
EndProject
Project("{9A19103F-16F7-4668-BE54-9A1E7A4F7556}") = "Expo3.ClientApp", "Applications\Expo3.ClientApp\Expo3.ClientApp.csproj", "{340B503A-1F8B-49E2-A349-F495707D9AB8}"
EndProject
Project("{9A19103F-16F7-4668-BE54-9A1E7A4F7556}") = "Expo3.LoginApp", "Applications\Expo3.LoginApp\Expo3.LoginApp.csproj", "{E58BFCEA-7ECC-4106-B6B2-1BC3ABBEFFB1}"
EndProject
Project("{9A19103F-16F7-4668-BE54-9A1E7A4F7556}") = "Expo3.OrganizerApp", "Applications\Expo3.OrganizerApp\Expo3.OrganizerApp.csproj", "{CB0DF4BD-727C-4E99-B23C-FB7E321F1579}"
EndProject
Project("{2150E333-8FDC-42A3-9474-1A3956D46DE8}") = "Tests", "Tests", "{9E2FC4B3-B458-4DE3-90CD-CB9AD2A41F0B}"
EndProject
Project("{9A19103F-16F7-4668-BE54-9A1E7A4F7556}") = "Expo3.AdminApp.Tests", "Tests\Expo3.AdminApp.Tests\Expo3.AdminApp.Tests.csproj", "{EB2BFCF5-C72C-4005-B216-20DFE72B7F69}"
EndProject
Project("{9A19103F-16F7-4668-BE54-9A1E7A4F7556}") = "Expo3.ClientApp.Tests", "Tests\Expo3.ClientApp.Tests\Expo3.ClientApp.Tests.csproj", "{2541835B-C8EF-4C94-920D-096481BCCEB1}"
EndProject
Project("{9A19103F-16F7-4668-BE54-9A1E7A4F7556}") = "Expo3.LoginApp.Tests", "Tests\Expo3.LoginApp.Tests\Expo3.LoginApp.Tests.csproj", "{C769B27C-2D01-44F0-99CA-03C16B3A076A}"
EndProject
Project("{9A19103F-16F7-4668-BE54-9A1E7A4F7556}") = "Expo3.OrganizerApp.Tests", "Tests\Expo3.OrganizerApp.Tests\Expo3.OrganizerApp.Tests.csproj", "{60F2692E-7A8F-4AEC-9EE9-53046F50E1AA}"
EndProject
Project("{9A19103F-16F7-4668-BE54-9A1E7A4F7556}") = "Expo3.TestsApp", "Tests\Expo3.TestsApp\Expo3.TestsApp.csproj", "{44C1C3FC-12FE-4E81-AAF2-3DDEBEB38C74}"
EndProject
Project("{9A19103F-16F7-4668-BE54-9A1E7A4F7556}") = "Expo3.Model", "Expo3.Model\Expo3.Model.csproj", "{3790C857-502F-468B-9943-97ED61B03EA9}"
EndProject
Project("{2150E333-8FDC-42A3-9474-1A3956D46DE8}") = "UI", "UI", "{A62EBD24-961E-4493-A831-B2CB75C0BB53}"
EndProject
Project("{9A19103F-16F7-4668-BE54-9A1E7A4F7556}") = "Expo3.WebApplication", "UI\Expo3.WebApplication\Expo3.WebApplication.csproj", "{8F857D27-F7AD-433B-A616-A09102103F05}"
EndProject
Project("{9A19103F-16F7-4668-BE54-9A1E7A4F7556}") = "Core.Tests", "..\Core.Tests\Core.Tests.csproj", "{25218F41-1C60-46B9-B521-90759C9FE899}"
EndProject
Global
	GlobalSection(SolutionConfigurationPlatforms) = preSolution
		Debug|Any CPU = Debug|Any CPU
		Debug|x64 = Debug|x64
		Debug|x86 = Debug|x86
		Release|Any CPU = Release|Any CPU
		Release|x64 = Release|x64
		Release|x86 = Release|x86
	EndGlobalSection
	GlobalSection(ProjectConfigurationPlatforms) = postSolution
		{C247DA9A-FD9A-4BF6-9876-EA610D3310ED}.Debug|Any CPU.ActiveCfg = Debug|Any CPU
		{C247DA9A-FD9A-4BF6-9876-EA610D3310ED}.Debug|Any CPU.Build.0 = Debug|Any CPU
		{C247DA9A-FD9A-4BF6-9876-EA610D3310ED}.Debug|x64.ActiveCfg = Debug|Any CPU
		{C247DA9A-FD9A-4BF6-9876-EA610D3310ED}.Debug|x64.Build.0 = Debug|Any CPU
		{C247DA9A-FD9A-4BF6-9876-EA610D3310ED}.Debug|x86.ActiveCfg = Debug|Any CPU
		{C247DA9A-FD9A-4BF6-9876-EA610D3310ED}.Debug|x86.Build.0 = Debug|Any CPU
		{C247DA9A-FD9A-4BF6-9876-EA610D3310ED}.Release|Any CPU.ActiveCfg = Release|Any CPU
		{C247DA9A-FD9A-4BF6-9876-EA610D3310ED}.Release|Any CPU.Build.0 = Release|Any CPU
		{C247DA9A-FD9A-4BF6-9876-EA610D3310ED}.Release|x64.ActiveCfg = Release|Any CPU
		{C247DA9A-FD9A-4BF6-9876-EA610D3310ED}.Release|x64.Build.0 = Release|Any CPU
		{C247DA9A-FD9A-4BF6-9876-EA610D3310ED}.Release|x86.ActiveCfg = Release|Any CPU
		{C247DA9A-FD9A-4BF6-9876-EA610D3310ED}.Release|x86.Build.0 = Release|Any CPU
		{6B5D5987-4297-4418-8D0C-708033B481A4}.Debug|Any CPU.ActiveCfg = Debug|Any CPU
		{6B5D5987-4297-4418-8D0C-708033B481A4}.Debug|Any CPU.Build.0 = Debug|Any CPU
		{6B5D5987-4297-4418-8D0C-708033B481A4}.Debug|x64.ActiveCfg = Debug|Any CPU
		{6B5D5987-4297-4418-8D0C-708033B481A4}.Debug|x64.Build.0 = Debug|Any CPU
		{6B5D5987-4297-4418-8D0C-708033B481A4}.Debug|x86.ActiveCfg = Debug|Any CPU
		{6B5D5987-4297-4418-8D0C-708033B481A4}.Debug|x86.Build.0 = Debug|Any CPU
		{6B5D5987-4297-4418-8D0C-708033B481A4}.Release|Any CPU.ActiveCfg = Release|Any CPU
		{6B5D5987-4297-4418-8D0C-708033B481A4}.Release|Any CPU.Build.0 = Release|Any CPU
		{6B5D5987-4297-4418-8D0C-708033B481A4}.Release|x64.ActiveCfg = Release|Any CPU
		{6B5D5987-4297-4418-8D0C-708033B481A4}.Release|x64.Build.0 = Release|Any CPU
		{6B5D5987-4297-4418-8D0C-708033B481A4}.Release|x86.ActiveCfg = Release|Any CPU
		{6B5D5987-4297-4418-8D0C-708033B481A4}.Release|x86.Build.0 = Release|Any CPU
		{45CFA26E-AA23-4485-8878-6AB3B5E951A7}.Debug|Any CPU.ActiveCfg = Debug|Any CPU
		{45CFA26E-AA23-4485-8878-6AB3B5E951A7}.Debug|Any CPU.Build.0 = Debug|Any CPU
		{45CFA26E-AA23-4485-8878-6AB3B5E951A7}.Debug|x64.ActiveCfg = Debug|Any CPU
		{45CFA26E-AA23-4485-8878-6AB3B5E951A7}.Debug|x64.Build.0 = Debug|Any CPU
		{45CFA26E-AA23-4485-8878-6AB3B5E951A7}.Debug|x86.ActiveCfg = Debug|Any CPU
		{45CFA26E-AA23-4485-8878-6AB3B5E951A7}.Debug|x86.Build.0 = Debug|Any CPU
		{45CFA26E-AA23-4485-8878-6AB3B5E951A7}.Release|Any CPU.ActiveCfg = Release|Any CPU
		{45CFA26E-AA23-4485-8878-6AB3B5E951A7}.Release|Any CPU.Build.0 = Release|Any CPU
		{45CFA26E-AA23-4485-8878-6AB3B5E951A7}.Release|x64.ActiveCfg = Release|Any CPU
		{45CFA26E-AA23-4485-8878-6AB3B5E951A7}.Release|x64.Build.0 = Release|Any CPU
		{45CFA26E-AA23-4485-8878-6AB3B5E951A7}.Release|x86.ActiveCfg = Release|Any CPU
		{45CFA26E-AA23-4485-8878-6AB3B5E951A7}.Release|x86.Build.0 = Release|Any CPU
		{340B503A-1F8B-49E2-A349-F495707D9AB8}.Debug|Any CPU.ActiveCfg = Debug|Any CPU
		{340B503A-1F8B-49E2-A349-F495707D9AB8}.Debug|Any CPU.Build.0 = Debug|Any CPU
		{340B503A-1F8B-49E2-A349-F495707D9AB8}.Debug|x64.ActiveCfg = Debug|Any CPU
		{340B503A-1F8B-49E2-A349-F495707D9AB8}.Debug|x64.Build.0 = Debug|Any CPU
		{340B503A-1F8B-49E2-A349-F495707D9AB8}.Debug|x86.ActiveCfg = Debug|Any CPU
		{340B503A-1F8B-49E2-A349-F495707D9AB8}.Debug|x86.Build.0 = Debug|Any CPU
		{340B503A-1F8B-49E2-A349-F495707D9AB8}.Release|Any CPU.ActiveCfg = Release|Any CPU
		{340B503A-1F8B-49E2-A349-F495707D9AB8}.Release|Any CPU.Build.0 = Release|Any CPU
		{340B503A-1F8B-49E2-A349-F495707D9AB8}.Release|x64.ActiveCfg = Release|Any CPU
		{340B503A-1F8B-49E2-A349-F495707D9AB8}.Release|x64.Build.0 = Release|Any CPU
		{340B503A-1F8B-49E2-A349-F495707D9AB8}.Release|x86.ActiveCfg = Release|Any CPU
		{340B503A-1F8B-49E2-A349-F495707D9AB8}.Release|x86.Build.0 = Release|Any CPU
		{E58BFCEA-7ECC-4106-B6B2-1BC3ABBEFFB1}.Debug|Any CPU.ActiveCfg = Debug|Any CPU
		{E58BFCEA-7ECC-4106-B6B2-1BC3ABBEFFB1}.Debug|Any CPU.Build.0 = Debug|Any CPU
		{E58BFCEA-7ECC-4106-B6B2-1BC3ABBEFFB1}.Debug|x64.ActiveCfg = Debug|Any CPU
		{E58BFCEA-7ECC-4106-B6B2-1BC3ABBEFFB1}.Debug|x64.Build.0 = Debug|Any CPU
		{E58BFCEA-7ECC-4106-B6B2-1BC3ABBEFFB1}.Debug|x86.ActiveCfg = Debug|Any CPU
		{E58BFCEA-7ECC-4106-B6B2-1BC3ABBEFFB1}.Debug|x86.Build.0 = Debug|Any CPU
		{E58BFCEA-7ECC-4106-B6B2-1BC3ABBEFFB1}.Release|Any CPU.ActiveCfg = Release|Any CPU
		{E58BFCEA-7ECC-4106-B6B2-1BC3ABBEFFB1}.Release|Any CPU.Build.0 = Release|Any CPU
		{E58BFCEA-7ECC-4106-B6B2-1BC3ABBEFFB1}.Release|x64.ActiveCfg = Release|Any CPU
		{E58BFCEA-7ECC-4106-B6B2-1BC3ABBEFFB1}.Release|x64.Build.0 = Release|Any CPU
		{E58BFCEA-7ECC-4106-B6B2-1BC3ABBEFFB1}.Release|x86.ActiveCfg = Release|Any CPU
		{E58BFCEA-7ECC-4106-B6B2-1BC3ABBEFFB1}.Release|x86.Build.0 = Release|Any CPU
		{CB0DF4BD-727C-4E99-B23C-FB7E321F1579}.Debug|Any CPU.ActiveCfg = Debug|Any CPU
		{CB0DF4BD-727C-4E99-B23C-FB7E321F1579}.Debug|Any CPU.Build.0 = Debug|Any CPU
		{CB0DF4BD-727C-4E99-B23C-FB7E321F1579}.Debug|x64.ActiveCfg = Debug|Any CPU
		{CB0DF4BD-727C-4E99-B23C-FB7E321F1579}.Debug|x64.Build.0 = Debug|Any CPU
		{CB0DF4BD-727C-4E99-B23C-FB7E321F1579}.Debug|x86.ActiveCfg = Debug|Any CPU
		{CB0DF4BD-727C-4E99-B23C-FB7E321F1579}.Debug|x86.Build.0 = Debug|Any CPU
		{CB0DF4BD-727C-4E99-B23C-FB7E321F1579}.Release|Any CPU.ActiveCfg = Release|Any CPU
		{CB0DF4BD-727C-4E99-B23C-FB7E321F1579}.Release|Any CPU.Build.0 = Release|Any CPU
		{CB0DF4BD-727C-4E99-B23C-FB7E321F1579}.Release|x64.ActiveCfg = Release|Any CPU
		{CB0DF4BD-727C-4E99-B23C-FB7E321F1579}.Release|x64.Build.0 = Release|Any CPU
		{CB0DF4BD-727C-4E99-B23C-FB7E321F1579}.Release|x86.ActiveCfg = Release|Any CPU
		{CB0DF4BD-727C-4E99-B23C-FB7E321F1579}.Release|x86.Build.0 = Release|Any CPU
		{EB2BFCF5-C72C-4005-B216-20DFE72B7F69}.Debug|Any CPU.ActiveCfg = Debug|Any CPU
		{EB2BFCF5-C72C-4005-B216-20DFE72B7F69}.Debug|Any CPU.Build.0 = Debug|Any CPU
		{EB2BFCF5-C72C-4005-B216-20DFE72B7F69}.Debug|x64.ActiveCfg = Debug|Any CPU
		{EB2BFCF5-C72C-4005-B216-20DFE72B7F69}.Debug|x64.Build.0 = Debug|Any CPU
		{EB2BFCF5-C72C-4005-B216-20DFE72B7F69}.Debug|x86.ActiveCfg = Debug|Any CPU
		{EB2BFCF5-C72C-4005-B216-20DFE72B7F69}.Debug|x86.Build.0 = Debug|Any CPU
		{EB2BFCF5-C72C-4005-B216-20DFE72B7F69}.Release|Any CPU.ActiveCfg = Release|Any CPU
		{EB2BFCF5-C72C-4005-B216-20DFE72B7F69}.Release|Any CPU.Build.0 = Release|Any CPU
		{EB2BFCF5-C72C-4005-B216-20DFE72B7F69}.Release|x64.ActiveCfg = Release|Any CPU
		{EB2BFCF5-C72C-4005-B216-20DFE72B7F69}.Release|x64.Build.0 = Release|Any CPU
		{EB2BFCF5-C72C-4005-B216-20DFE72B7F69}.Release|x86.ActiveCfg = Release|Any CPU
		{EB2BFCF5-C72C-4005-B216-20DFE72B7F69}.Release|x86.Build.0 = Release|Any CPU
		{2541835B-C8EF-4C94-920D-096481BCCEB1}.Debug|Any CPU.ActiveCfg = Debug|Any CPU
		{2541835B-C8EF-4C94-920D-096481BCCEB1}.Debug|Any CPU.Build.0 = Debug|Any CPU
		{2541835B-C8EF-4C94-920D-096481BCCEB1}.Debug|x64.ActiveCfg = Debug|Any CPU
		{2541835B-C8EF-4C94-920D-096481BCCEB1}.Debug|x64.Build.0 = Debug|Any CPU
		{2541835B-C8EF-4C94-920D-096481BCCEB1}.Debug|x86.ActiveCfg = Debug|Any CPU
		{2541835B-C8EF-4C94-920D-096481BCCEB1}.Debug|x86.Build.0 = Debug|Any CPU
		{2541835B-C8EF-4C94-920D-096481BCCEB1}.Release|Any CPU.ActiveCfg = Release|Any CPU
		{2541835B-C8EF-4C94-920D-096481BCCEB1}.Release|Any CPU.Build.0 = Release|Any CPU
		{2541835B-C8EF-4C94-920D-096481BCCEB1}.Release|x64.ActiveCfg = Release|Any CPU
		{2541835B-C8EF-4C94-920D-096481BCCEB1}.Release|x64.Build.0 = Release|Any CPU
		{2541835B-C8EF-4C94-920D-096481BCCEB1}.Release|x86.ActiveCfg = Release|Any CPU
		{2541835B-C8EF-4C94-920D-096481BCCEB1}.Release|x86.Build.0 = Release|Any CPU
		{C769B27C-2D01-44F0-99CA-03C16B3A076A}.Debug|Any CPU.ActiveCfg = Debug|Any CPU
		{C769B27C-2D01-44F0-99CA-03C16B3A076A}.Debug|Any CPU.Build.0 = Debug|Any CPU
		{C769B27C-2D01-44F0-99CA-03C16B3A076A}.Debug|x64.ActiveCfg = Debug|Any CPU
		{C769B27C-2D01-44F0-99CA-03C16B3A076A}.Debug|x64.Build.0 = Debug|Any CPU
		{C769B27C-2D01-44F0-99CA-03C16B3A076A}.Debug|x86.ActiveCfg = Debug|Any CPU
		{C769B27C-2D01-44F0-99CA-03C16B3A076A}.Debug|x86.Build.0 = Debug|Any CPU
		{C769B27C-2D01-44F0-99CA-03C16B3A076A}.Release|Any CPU.ActiveCfg = Release|Any CPU
		{C769B27C-2D01-44F0-99CA-03C16B3A076A}.Release|Any CPU.Build.0 = Release|Any CPU
		{C769B27C-2D01-44F0-99CA-03C16B3A076A}.Release|x64.ActiveCfg = Release|Any CPU
		{C769B27C-2D01-44F0-99CA-03C16B3A076A}.Release|x64.Build.0 = Release|Any CPU
		{C769B27C-2D01-44F0-99CA-03C16B3A076A}.Release|x86.ActiveCfg = Release|Any CPU
		{C769B27C-2D01-44F0-99CA-03C16B3A076A}.Release|x86.Build.0 = Release|Any CPU
		{60F2692E-7A8F-4AEC-9EE9-53046F50E1AA}.Debug|Any CPU.ActiveCfg = Debug|Any CPU
		{60F2692E-7A8F-4AEC-9EE9-53046F50E1AA}.Debug|Any CPU.Build.0 = Debug|Any CPU
		{60F2692E-7A8F-4AEC-9EE9-53046F50E1AA}.Debug|x64.ActiveCfg = Debug|Any CPU
		{60F2692E-7A8F-4AEC-9EE9-53046F50E1AA}.Debug|x64.Build.0 = Debug|Any CPU
		{60F2692E-7A8F-4AEC-9EE9-53046F50E1AA}.Debug|x86.ActiveCfg = Debug|Any CPU
		{60F2692E-7A8F-4AEC-9EE9-53046F50E1AA}.Debug|x86.Build.0 = Debug|Any CPU
		{60F2692E-7A8F-4AEC-9EE9-53046F50E1AA}.Release|Any CPU.ActiveCfg = Release|Any CPU
		{60F2692E-7A8F-4AEC-9EE9-53046F50E1AA}.Release|Any CPU.Build.0 = Release|Any CPU
		{60F2692E-7A8F-4AEC-9EE9-53046F50E1AA}.Release|x64.ActiveCfg = Release|Any CPU
		{60F2692E-7A8F-4AEC-9EE9-53046F50E1AA}.Release|x64.Build.0 = Release|Any CPU
		{60F2692E-7A8F-4AEC-9EE9-53046F50E1AA}.Release|x86.ActiveCfg = Release|Any CPU
		{60F2692E-7A8F-4AEC-9EE9-53046F50E1AA}.Release|x86.Build.0 = Release|Any CPU
		{44C1C3FC-12FE-4E81-AAF2-3DDEBEB38C74}.Debug|Any CPU.ActiveCfg = Debug|Any CPU
		{44C1C3FC-12FE-4E81-AAF2-3DDEBEB38C74}.Debug|Any CPU.Build.0 = Debug|Any CPU
		{44C1C3FC-12FE-4E81-AAF2-3DDEBEB38C74}.Debug|x64.ActiveCfg = Debug|Any CPU
		{44C1C3FC-12FE-4E81-AAF2-3DDEBEB38C74}.Debug|x64.Build.0 = Debug|Any CPU
		{44C1C3FC-12FE-4E81-AAF2-3DDEBEB38C74}.Debug|x86.ActiveCfg = Debug|Any CPU
		{44C1C3FC-12FE-4E81-AAF2-3DDEBEB38C74}.Debug|x86.Build.0 = Debug|Any CPU
		{44C1C3FC-12FE-4E81-AAF2-3DDEBEB38C74}.Release|Any CPU.ActiveCfg = Release|Any CPU
		{44C1C3FC-12FE-4E81-AAF2-3DDEBEB38C74}.Release|Any CPU.Build.0 = Release|Any CPU
		{44C1C3FC-12FE-4E81-AAF2-3DDEBEB38C74}.Release|x64.ActiveCfg = Release|Any CPU
		{44C1C3FC-12FE-4E81-AAF2-3DDEBEB38C74}.Release|x64.Build.0 = Release|Any CPU
		{44C1C3FC-12FE-4E81-AAF2-3DDEBEB38C74}.Release|x86.ActiveCfg = Release|Any CPU
		{44C1C3FC-12FE-4E81-AAF2-3DDEBEB38C74}.Release|x86.Build.0 = Release|Any CPU
		{3790C857-502F-468B-9943-97ED61B03EA9}.Debug|Any CPU.ActiveCfg = Debug|Any CPU
		{3790C857-502F-468B-9943-97ED61B03EA9}.Debug|Any CPU.Build.0 = Debug|Any CPU
		{3790C857-502F-468B-9943-97ED61B03EA9}.Debug|x64.ActiveCfg = Debug|Any CPU
		{3790C857-502F-468B-9943-97ED61B03EA9}.Debug|x64.Build.0 = Debug|Any CPU
		{3790C857-502F-468B-9943-97ED61B03EA9}.Debug|x86.ActiveCfg = Debug|Any CPU
		{3790C857-502F-468B-9943-97ED61B03EA9}.Debug|x86.Build.0 = Debug|Any CPU
		{3790C857-502F-468B-9943-97ED61B03EA9}.Release|Any CPU.ActiveCfg = Release|Any CPU
		{3790C857-502F-468B-9943-97ED61B03EA9}.Release|Any CPU.Build.0 = Release|Any CPU
		{3790C857-502F-468B-9943-97ED61B03EA9}.Release|x64.ActiveCfg = Release|Any CPU
		{3790C857-502F-468B-9943-97ED61B03EA9}.Release|x64.Build.0 = Release|Any CPU
		{3790C857-502F-468B-9943-97ED61B03EA9}.Release|x86.ActiveCfg = Release|Any CPU
		{3790C857-502F-468B-9943-97ED61B03EA9}.Release|x86.Build.0 = Release|Any CPU
		{8F857D27-F7AD-433B-A616-A09102103F05}.Debug|Any CPU.ActiveCfg = Debug|Any CPU
		{8F857D27-F7AD-433B-A616-A09102103F05}.Debug|Any CPU.Build.0 = Debug|Any CPU
		{8F857D27-F7AD-433B-A616-A09102103F05}.Debug|x64.ActiveCfg = Debug|Any CPU
		{8F857D27-F7AD-433B-A616-A09102103F05}.Debug|x64.Build.0 = Debug|Any CPU
		{8F857D27-F7AD-433B-A616-A09102103F05}.Debug|x86.ActiveCfg = Debug|Any CPU
		{8F857D27-F7AD-433B-A616-A09102103F05}.Debug|x86.Build.0 = Debug|Any CPU
		{8F857D27-F7AD-433B-A616-A09102103F05}.Release|Any CPU.ActiveCfg = Release|Any CPU
		{8F857D27-F7AD-433B-A616-A09102103F05}.Release|Any CPU.Build.0 = Release|Any CPU
		{8F857D27-F7AD-433B-A616-A09102103F05}.Release|x64.ActiveCfg = Release|Any CPU
		{8F857D27-F7AD-433B-A616-A09102103F05}.Release|x64.Build.0 = Release|Any CPU
		{8F857D27-F7AD-433B-A616-A09102103F05}.Release|x86.ActiveCfg = Release|Any CPU
		{8F857D27-F7AD-433B-A616-A09102103F05}.Release|x86.Build.0 = Release|Any CPU
		{25218F41-1C60-46B9-B521-90759C9FE899}.Debug|Any CPU.ActiveCfg = Debug|Any CPU
		{25218F41-1C60-46B9-B521-90759C9FE899}.Debug|Any CPU.Build.0 = Debug|Any CPU
		{25218F41-1C60-46B9-B521-90759C9FE899}.Debug|x64.ActiveCfg = Debug|Any CPU
		{25218F41-1C60-46B9-B521-90759C9FE899}.Debug|x64.Build.0 = Debug|Any CPU
		{25218F41-1C60-46B9-B521-90759C9FE899}.Debug|x86.ActiveCfg = Debug|Any CPU
		{25218F41-1C60-46B9-B521-90759C9FE899}.Debug|x86.Build.0 = Debug|Any CPU
		{25218F41-1C60-46B9-B521-90759C9FE899}.Release|Any CPU.ActiveCfg = Release|Any CPU
		{25218F41-1C60-46B9-B521-90759C9FE899}.Release|Any CPU.Build.0 = Release|Any CPU
		{25218F41-1C60-46B9-B521-90759C9FE899}.Release|x64.ActiveCfg = Release|Any CPU
		{25218F41-1C60-46B9-B521-90759C9FE899}.Release|x64.Build.0 = Release|Any CPU
		{25218F41-1C60-46B9-B521-90759C9FE899}.Release|x86.ActiveCfg = Release|Any CPU
		{25218F41-1C60-46B9-B521-90759C9FE899}.Release|x86.Build.0 = Release|Any CPU
	EndGlobalSection
	GlobalSection(SolutionProperties) = preSolution
		HideSolutionNode = FALSE
	EndGlobalSection
	GlobalSection(NestedProjects) = preSolution
		{C247DA9A-FD9A-4BF6-9876-EA610D3310ED} = {BFC7E183-C5A7-4C04-BB08-F3445D4F3CB9}
		{6B5D5987-4297-4418-8D0C-708033B481A4} = {BFC7E183-C5A7-4C04-BB08-F3445D4F3CB9}
		{45CFA26E-AA23-4485-8878-6AB3B5E951A7} = {F15DB5A6-33B9-4697-A7FC-BD175A6C19D6}
		{340B503A-1F8B-49E2-A349-F495707D9AB8} = {F15DB5A6-33B9-4697-A7FC-BD175A6C19D6}
		{E58BFCEA-7ECC-4106-B6B2-1BC3ABBEFFB1} = {F15DB5A6-33B9-4697-A7FC-BD175A6C19D6}
		{CB0DF4BD-727C-4E99-B23C-FB7E321F1579} = {F15DB5A6-33B9-4697-A7FC-BD175A6C19D6}
		{EB2BFCF5-C72C-4005-B216-20DFE72B7F69} = {9E2FC4B3-B458-4DE3-90CD-CB9AD2A41F0B}
		{2541835B-C8EF-4C94-920D-096481BCCEB1} = {9E2FC4B3-B458-4DE3-90CD-CB9AD2A41F0B}
		{C769B27C-2D01-44F0-99CA-03C16B3A076A} = {9E2FC4B3-B458-4DE3-90CD-CB9AD2A41F0B}
		{60F2692E-7A8F-4AEC-9EE9-53046F50E1AA} = {9E2FC4B3-B458-4DE3-90CD-CB9AD2A41F0B}
		{44C1C3FC-12FE-4E81-AAF2-3DDEBEB38C74} = {9E2FC4B3-B458-4DE3-90CD-CB9AD2A41F0B}
		{8F857D27-F7AD-433B-A616-A09102103F05} = {A62EBD24-961E-4493-A831-B2CB75C0BB53}
		{25218F41-1C60-46B9-B521-90759C9FE899} = {9E2FC4B3-B458-4DE3-90CD-CB9AD2A41F0B}
	EndGlobalSection
	GlobalSection(ExtensibilityGlobals) = postSolution
		SolutionGuid = {5A6231A3-D8BB-492D-BB9C-650BBC76750B}
	EndGlobalSection
EndGlobal
