
Microsoft Visual Studio Solution File, Format Version 12.00
# Visual Studio 15
VisualStudioVersion = 15.0.26430.16
MinimumVisualStudioVersion = 10.0.40219.1
Project("{2150E333-8FDC-42A3-9474-1A3956D46DE8}") = "Core", "Core", "{47FDDFAF-FA28-4F5B-8490-4376795BC12F}"
EndProject
Project("{9A19103F-16F7-4668-BE54-9A1E7A4F7556}") = "Sharp7Func", "..\Sharp7Func\Sharp7Func.csproj", "{092082CC-9B88-4F96-8F7D-B4094FC12429}"
EndProject
Project("{9A19103F-16F7-4668-BE54-9A1E7A4F7556}") = "Core.ElasticSearch", "..\Core.ElasticSearch\Core.ElasticSearch.csproj", "{D5737416-4B97-4429-862A-7D6B0D55BE3A}"
EndProject
Project("{9A19103F-16F7-4668-BE54-9A1E7A4F7556}") = "ToDo.Dal", "ToDo.Dal\ToDo.Dal.csproj", "{6D7F5D74-0754-4155-BD71-99B9DF91E981}"
EndProject
Project("{9A19103F-16F7-4668-BE54-9A1E7A4F7556}") = "ToDo.WebApp", "ToDo.WebApp\ToDo.WebApp.csproj", "{33CF955E-90E8-4A8D-B031-AB3E466933E0}"
EndProject
Project("{2150E333-8FDC-42A3-9474-1A3956D46DE8}") = "Tests", "Tests", "{63DF5459-E264-4D01-90AA-AC58E4CABBCA}"
EndProject
Project("{9A19103F-16F7-4668-BE54-9A1E7A4F7556}") = "Core.Tests", "..\Core.Tests\Core.Tests.csproj", "{940A1797-D289-4BC7-9987-BAC42C5562CC}"
EndProject
Project("{2150E333-8FDC-42A3-9474-1A3956D46DE8}") = "Expo3", "Expo3", "{30EC2731-1DD2-4A78-A659-6517C1F6E18F}"
EndProject
Project("{2150E333-8FDC-42A3-9474-1A3956D46DE8}") = "ToDo", "ToDo", "{5AB702C7-37A2-4604-A35C-891F9FB342FF}"
EndProject
Project("{9A19103F-16F7-4668-BE54-9A1E7A4F7556}") = "Expo3.Model", "Expo3.Model\Expo3.Model.csproj", "{0826890D-700A-4822-B4AB-A44502029BF3}"
EndProject
Project("{9A19103F-16F7-4668-BE54-9A1E7A4F7556}") = "Expo3.ClientApp", "Expo3.ClientApp\Expo3.ClientApp.csproj", "{D471BCAC-90C4-4EB0-B982-C01B954B1242}"
EndProject
Project("{9A19103F-16F7-4668-BE54-9A1E7A4F7556}") = "Expo3.AdminApp", "Expo3.AdminApp\Expo3.AdminApp.csproj", "{B3EF91FE-514A-447F-AED9-D8D2E150F3AF}"
EndProject
Project("{9A19103F-16F7-4668-BE54-9A1E7A4F7556}") = "Expo3.LoginApp", "Expo3LoginApp\Expo3.LoginApp.csproj", "{9A80683A-2612-415B-82DC-B92E95990B4D}"
EndProject
Project("{9A19103F-16F7-4668-BE54-9A1E7A4F7556}") = "Expo3.LoginApp.Tests", "Expo3.LoginApp.Tests\Expo3.LoginApp.Tests.csproj", "{90B02F23-D9C5-43D0-AF8A-9DDC22CE1B5B}"
EndProject
Project("{9A19103F-16F7-4668-BE54-9A1E7A4F7556}") = "Expo3.AdminApp.Tests", "Expo3.AdminApp.Tests\Expo3.AdminApp.Tests.csproj", "{28BD7F3F-D40E-4C09-8DCF-059D38209DBE}"
EndProject
Project("{FAE04EC0-301F-11D3-BF4B-00C04F79EFBC}") = "Expo3.OrganizersApp", "Expo3.OrganizersApp\Expo3.OrganizersApp.csproj", "{1813B560-9BF8-415A-AF11-735D40DE1752}"
EndProject
Project("{2150E333-8FDC-42A3-9474-1A3956D46DE8}") = "Apps", "Apps", "{EBB94214-F19F-4503-9789-4EDC29D8662D}"
EndProject
Global
	GlobalSection(SolutionConfigurationPlatforms) = preSolution
		Debug|Any CPU = Debug|Any CPU
		Release|Any CPU = Release|Any CPU
	EndGlobalSection
	GlobalSection(ProjectConfigurationPlatforms) = postSolution
		{092082CC-9B88-4F96-8F7D-B4094FC12429}.Debug|Any CPU.ActiveCfg = Debug|Any CPU
		{092082CC-9B88-4F96-8F7D-B4094FC12429}.Debug|Any CPU.Build.0 = Debug|Any CPU
		{092082CC-9B88-4F96-8F7D-B4094FC12429}.Release|Any CPU.ActiveCfg = Release|Any CPU
		{092082CC-9B88-4F96-8F7D-B4094FC12429}.Release|Any CPU.Build.0 = Release|Any CPU
		{D5737416-4B97-4429-862A-7D6B0D55BE3A}.Debug|Any CPU.ActiveCfg = Debug|Any CPU
		{D5737416-4B97-4429-862A-7D6B0D55BE3A}.Debug|Any CPU.Build.0 = Debug|Any CPU
		{D5737416-4B97-4429-862A-7D6B0D55BE3A}.Release|Any CPU.ActiveCfg = Release|Any CPU
		{D5737416-4B97-4429-862A-7D6B0D55BE3A}.Release|Any CPU.Build.0 = Release|Any CPU
		{6D7F5D74-0754-4155-BD71-99B9DF91E981}.Debug|Any CPU.ActiveCfg = Debug|Any CPU
		{6D7F5D74-0754-4155-BD71-99B9DF91E981}.Debug|Any CPU.Build.0 = Debug|Any CPU
		{6D7F5D74-0754-4155-BD71-99B9DF91E981}.Release|Any CPU.ActiveCfg = Release|Any CPU
		{6D7F5D74-0754-4155-BD71-99B9DF91E981}.Release|Any CPU.Build.0 = Release|Any CPU
		{33CF955E-90E8-4A8D-B031-AB3E466933E0}.Debug|Any CPU.ActiveCfg = Debug|Any CPU
		{33CF955E-90E8-4A8D-B031-AB3E466933E0}.Debug|Any CPU.Build.0 = Debug|Any CPU
		{33CF955E-90E8-4A8D-B031-AB3E466933E0}.Release|Any CPU.ActiveCfg = Release|Any CPU
		{33CF955E-90E8-4A8D-B031-AB3E466933E0}.Release|Any CPU.Build.0 = Release|Any CPU
		{940A1797-D289-4BC7-9987-BAC42C5562CC}.Debug|Any CPU.ActiveCfg = Debug|Any CPU
		{940A1797-D289-4BC7-9987-BAC42C5562CC}.Debug|Any CPU.Build.0 = Debug|Any CPU
		{940A1797-D289-4BC7-9987-BAC42C5562CC}.Release|Any CPU.ActiveCfg = Release|Any CPU
		{940A1797-D289-4BC7-9987-BAC42C5562CC}.Release|Any CPU.Build.0 = Release|Any CPU
		{0826890D-700A-4822-B4AB-A44502029BF3}.Debug|Any CPU.ActiveCfg = Debug|Any CPU
		{0826890D-700A-4822-B4AB-A44502029BF3}.Debug|Any CPU.Build.0 = Debug|Any CPU
		{0826890D-700A-4822-B4AB-A44502029BF3}.Release|Any CPU.ActiveCfg = Release|Any CPU
		{0826890D-700A-4822-B4AB-A44502029BF3}.Release|Any CPU.Build.0 = Release|Any CPU
		{D471BCAC-90C4-4EB0-B982-C01B954B1242}.Debug|Any CPU.ActiveCfg = Debug|Any CPU
		{D471BCAC-90C4-4EB0-B982-C01B954B1242}.Debug|Any CPU.Build.0 = Debug|Any CPU
		{D471BCAC-90C4-4EB0-B982-C01B954B1242}.Release|Any CPU.ActiveCfg = Release|Any CPU
		{D471BCAC-90C4-4EB0-B982-C01B954B1242}.Release|Any CPU.Build.0 = Release|Any CPU
		{B3EF91FE-514A-447F-AED9-D8D2E150F3AF}.Debug|Any CPU.ActiveCfg = Debug|Any CPU
		{B3EF91FE-514A-447F-AED9-D8D2E150F3AF}.Debug|Any CPU.Build.0 = Debug|Any CPU
		{B3EF91FE-514A-447F-AED9-D8D2E150F3AF}.Release|Any CPU.ActiveCfg = Release|Any CPU
		{B3EF91FE-514A-447F-AED9-D8D2E150F3AF}.Release|Any CPU.Build.0 = Release|Any CPU
		{9A80683A-2612-415B-82DC-B92E95990B4D}.Debug|Any CPU.ActiveCfg = Debug|Any CPU
		{9A80683A-2612-415B-82DC-B92E95990B4D}.Debug|Any CPU.Build.0 = Debug|Any CPU
		{9A80683A-2612-415B-82DC-B92E95990B4D}.Release|Any CPU.ActiveCfg = Release|Any CPU
		{9A80683A-2612-415B-82DC-B92E95990B4D}.Release|Any CPU.Build.0 = Release|Any CPU
		{90B02F23-D9C5-43D0-AF8A-9DDC22CE1B5B}.Debug|Any CPU.ActiveCfg = Debug|Any CPU
		{90B02F23-D9C5-43D0-AF8A-9DDC22CE1B5B}.Debug|Any CPU.Build.0 = Debug|Any CPU
		{90B02F23-D9C5-43D0-AF8A-9DDC22CE1B5B}.Release|Any CPU.ActiveCfg = Release|Any CPU
		{90B02F23-D9C5-43D0-AF8A-9DDC22CE1B5B}.Release|Any CPU.Build.0 = Release|Any CPU
		{28BD7F3F-D40E-4C09-8DCF-059D38209DBE}.Debug|Any CPU.ActiveCfg = Debug|Any CPU
		{28BD7F3F-D40E-4C09-8DCF-059D38209DBE}.Debug|Any CPU.Build.0 = Debug|Any CPU
		{28BD7F3F-D40E-4C09-8DCF-059D38209DBE}.Release|Any CPU.ActiveCfg = Release|Any CPU
		{28BD7F3F-D40E-4C09-8DCF-059D38209DBE}.Release|Any CPU.Build.0 = Release|Any CPU
		{1813B560-9BF8-415A-AF11-735D40DE1752}.Debug|Any CPU.ActiveCfg = Debug|Any CPU
		{1813B560-9BF8-415A-AF11-735D40DE1752}.Debug|Any CPU.Build.0 = Debug|Any CPU
		{1813B560-9BF8-415A-AF11-735D40DE1752}.Release|Any CPU.ActiveCfg = Release|Any CPU
		{1813B560-9BF8-415A-AF11-735D40DE1752}.Release|Any CPU.Build.0 = Release|Any CPU
	EndGlobalSection
	GlobalSection(SolutionProperties) = preSolution
		HideSolutionNode = FALSE
	EndGlobalSection
	GlobalSection(NestedProjects) = preSolution
		{092082CC-9B88-4F96-8F7D-B4094FC12429} = {47FDDFAF-FA28-4F5B-8490-4376795BC12F}
		{D5737416-4B97-4429-862A-7D6B0D55BE3A} = {47FDDFAF-FA28-4F5B-8490-4376795BC12F}
		{6D7F5D74-0754-4155-BD71-99B9DF91E981} = {5AB702C7-37A2-4604-A35C-891F9FB342FF}
		{33CF955E-90E8-4A8D-B031-AB3E466933E0} = {5AB702C7-37A2-4604-A35C-891F9FB342FF}
		{940A1797-D289-4BC7-9987-BAC42C5562CC} = {63DF5459-E264-4D01-90AA-AC58E4CABBCA}
		{0826890D-700A-4822-B4AB-A44502029BF3} = {30EC2731-1DD2-4A78-A659-6517C1F6E18F}
		{D471BCAC-90C4-4EB0-B982-C01B954B1242} = {EBB94214-F19F-4503-9789-4EDC29D8662D}
		{B3EF91FE-514A-447F-AED9-D8D2E150F3AF} = {EBB94214-F19F-4503-9789-4EDC29D8662D}
		{9A80683A-2612-415B-82DC-B92E95990B4D} = {EBB94214-F19F-4503-9789-4EDC29D8662D}
		{90B02F23-D9C5-43D0-AF8A-9DDC22CE1B5B} = {63DF5459-E264-4D01-90AA-AC58E4CABBCA}
		{28BD7F3F-D40E-4C09-8DCF-059D38209DBE} = {63DF5459-E264-4D01-90AA-AC58E4CABBCA}
		{1813B560-9BF8-415A-AF11-735D40DE1752} = {EBB94214-F19F-4503-9789-4EDC29D8662D}
		{EBB94214-F19F-4503-9789-4EDC29D8662D} = {30EC2731-1DD2-4A78-A659-6517C1F6E18F}
	EndGlobalSection
EndGlobal
