
Microsoft Visual Studio Solution File, Format Version 12.00
# Visual Studio 15
VisualStudioVersion = 15.0.26430.13
MinimumVisualStudioVersion = 10.0.40219.1
Project("{2150E333-8FDC-42A3-9474-1A3956D46DE8}") = "Core", "Core", "{43C0B809-EF9F-41C9-BEB2-751ECADE0469}"
EndProject
Project("{9A19103F-16F7-4668-BE54-9A1E7A4F7556}") = "Core.ElasticSearch", "..\Core.ElasticSearch\Core.ElasticSearch.csproj", "{63729D73-629E-425B-92A9-201796F1EE33}"
EndProject
Project("{9A19103F-16F7-4668-BE54-9A1E7A4F7556}") = "Sharp7Func", "..\Sharp7Func\Sharp7Func.csproj", "{5D3C1DF8-1036-49C1-AF80-4BA340F6F6F6}"
EndProject
Project("{9A19103F-16F7-4668-BE54-9A1E7A4F7556}") = "ToDo.Dal", "ToDo.Dal\ToDo.Dal.csproj", "{42595753-2571-4DF2-9F5E-3DCF4FAB275A}"
EndProject
Project("{9A19103F-16F7-4668-BE54-9A1E7A4F7556}") = "ToDo.WebApp", "ToDo.WebApp\ToDo.WebApp.csproj", "{FEDE5713-5A73-4978-B6A0-7274AD8E7ECA}"
EndProject
Global
	GlobalSection(SolutionConfigurationPlatforms) = preSolution
		Debug|Any CPU = Debug|Any CPU
		Release|Any CPU = Release|Any CPU
	EndGlobalSection
	GlobalSection(ProjectConfigurationPlatforms) = postSolution
		{63729D73-629E-425B-92A9-201796F1EE33}.Debug|Any CPU.ActiveCfg = Debug|Any CPU
		{63729D73-629E-425B-92A9-201796F1EE33}.Debug|Any CPU.Build.0 = Debug|Any CPU
		{63729D73-629E-425B-92A9-201796F1EE33}.Release|Any CPU.ActiveCfg = Release|Any CPU
		{63729D73-629E-425B-92A9-201796F1EE33}.Release|Any CPU.Build.0 = Release|Any CPU
		{5D3C1DF8-1036-49C1-AF80-4BA340F6F6F6}.Debug|Any CPU.ActiveCfg = Debug|Any CPU
		{5D3C1DF8-1036-49C1-AF80-4BA340F6F6F6}.Debug|Any CPU.Build.0 = Debug|Any CPU
		{5D3C1DF8-1036-49C1-AF80-4BA340F6F6F6}.Release|Any CPU.ActiveCfg = Release|Any CPU
		{5D3C1DF8-1036-49C1-AF80-4BA340F6F6F6}.Release|Any CPU.Build.0 = Release|Any CPU
		{42595753-2571-4DF2-9F5E-3DCF4FAB275A}.Debug|Any CPU.ActiveCfg = Debug|Any CPU
		{42595753-2571-4DF2-9F5E-3DCF4FAB275A}.Debug|Any CPU.Build.0 = Debug|Any CPU
		{42595753-2571-4DF2-9F5E-3DCF4FAB275A}.Release|Any CPU.ActiveCfg = Release|Any CPU
		{42595753-2571-4DF2-9F5E-3DCF4FAB275A}.Release|Any CPU.Build.0 = Release|Any CPU
		{FEDE5713-5A73-4978-B6A0-7274AD8E7ECA}.Debug|Any CPU.ActiveCfg = Debug|Any CPU
		{FEDE5713-5A73-4978-B6A0-7274AD8E7ECA}.Debug|Any CPU.Build.0 = Debug|Any CPU
		{FEDE5713-5A73-4978-B6A0-7274AD8E7ECA}.Release|Any CPU.ActiveCfg = Release|Any CPU
		{FEDE5713-5A73-4978-B6A0-7274AD8E7ECA}.Release|Any CPU.Build.0 = Release|Any CPU
	EndGlobalSection
	GlobalSection(SolutionProperties) = preSolution
		HideSolutionNode = FALSE
	EndGlobalSection
	GlobalSection(NestedProjects) = preSolution
		{63729D73-629E-425B-92A9-201796F1EE33} = {43C0B809-EF9F-41C9-BEB2-751ECADE0469}
		{5D3C1DF8-1036-49C1-AF80-4BA340F6F6F6} = {43C0B809-EF9F-41C9-BEB2-751ECADE0469}
	EndGlobalSection
EndGlobal
